// !$*UTF8*$!
{
	archiveVersion = 1;
	classes = {
	};
	objectVersion = 56;
	objects = {

/* Begin PBXBuildFile section */
		0936A3DA2A344EC9006A027B /* AppDelegate.swift in Sources */ = {isa = PBXBuildFile; fileRef = 0936A3D92A344EC9006A027B /* AppDelegate.swift */; };
		0936A3DC2A344EC9006A027B /* SceneDelegate.swift in Sources */ = {isa = PBXBuildFile; fileRef = 0936A3DB2A344EC9006A027B /* SceneDelegate.swift */; };
		0936A3DE2A344EC9006A027B /* ViewController.swift in Sources */ = {isa = PBXBuildFile; fileRef = 0936A3DD2A344EC9006A027B /* ViewController.swift */; };
		0936A3E32A344ECB006A027B /* Assets.xcassets in Resources */ = {isa = PBXBuildFile; fileRef = 0936A3E22A344ECB006A027B /* Assets.xcassets */; };
		0936A3E62A344ECB006A027B /* LaunchScreen.storyboard in Resources */ = {isa = PBXBuildFile; fileRef = 0936A3E42A344ECB006A027B /* LaunchScreen.storyboard */; };
		0936A3EF2A345014006A027B /* Alamofire in Frameworks */ = {isa = PBXBuildFile; productRef = 0936A3EE2A345014006A027B /* Alamofire */; };
		0936A3F92A345066006A027B /* TempViewController.swift in Sources */ = {isa = PBXBuildFile; fileRef = 0936A3F82A345066006A027B /* TempViewController.swift */; };
		0936A3FB2A345079006A027B /* TempModel.swift in Sources */ = {isa = PBXBuildFile; fileRef = 0936A3FA2A345079006A027B /* TempModel.swift */; };
		0936A3FD2A345094006A027B /* TempTableViewCell.swift in Sources */ = {isa = PBXBuildFile; fileRef = 0936A3FC2A345094006A027B /* TempTableViewCell.swift */; };
		0936A4002A3453EF006A027B /* SnapKit in Frameworks */ = {isa = PBXBuildFile; productRef = 0936A3FF2A3453EF006A027B /* SnapKit */; };
		0936A4032A34598A006A027B /* FSCalendar in Frameworks */ = {isa = PBXBuildFile; productRef = 0936A4022A34598A006A027B /* FSCalendar */; };
		0936A4062A3471D5006A027B /* Then in Frameworks */ = {isa = PBXBuildFile; productRef = 0936A4052A3471D5006A027B /* Then */; };
		0936A4092A34846E006A027B /* DGCharts in Frameworks */ = {isa = PBXBuildFile; productRef = 0936A4082A34846E006A027B /* DGCharts */; };
		0936A40B2A348987006A027B /* MonthCalendarViewController.swift in Sources */ = {isa = PBXBuildFile; fileRef = 0936A40A2A348987006A027B /* MonthCalendarViewController.swift */; };
		0936A40D2A34A14C006A027B /* EmotionCollectionViewCell.swift in Sources */ = {isa = PBXBuildFile; fileRef = 0936A40C2A34A14C006A027B /* EmotionCollectionViewCell.swift */; };
		887030AB2A34F0B90086F7E3 /* Gifu in Frameworks */ = {isa = PBXBuildFile; productRef = 887030AA2A34F0B90086F7E3 /* Gifu */; };
		887030AD2A34F34D0086F7E3 /* sample.gif in Resources */ = {isa = PBXBuildFile; fileRef = 887030AC2A34F34D0086F7E3 /* sample.gif */; };
		88ECD9F82A34D32400556142 /* RegistViewController.swift in Sources */ = {isa = PBXBuildFile; fileRef = 88ECD9F72A34D32400556142 /* RegistViewController.swift */; };
		DB24484B2A348FA2000C43AE /* UIFont+.swift in Sources */ = {isa = PBXBuildFile; fileRef = DB24484A2A348FA2000C43AE /* UIFont+.swift */; };
		DB24484F2A348FE1000C43AE /* Pretendard-Bold.otf in Resources */ = {isa = PBXBuildFile; fileRef = DB24484C2A348FE1000C43AE /* Pretendard-Bold.otf */; };
		DB2448502A348FE1000C43AE /* Pretendard-Regular.otf in Resources */ = {isa = PBXBuildFile; fileRef = DB24484D2A348FE1000C43AE /* Pretendard-Regular.otf */; };
		DB2448512A348FE1000C43AE /* Pretendard-Medium.otf in Resources */ = {isa = PBXBuildFile; fileRef = DB24484E2A348FE1000C43AE /* Pretendard-Medium.otf */; };
		DB2448532A349099000C43AE /* UIColor+.swift in Sources */ = {isa = PBXBuildFile; fileRef = DB2448522A349099000C43AE /* UIColor+.swift */; };
		DB2448552A349240000C43AE /* HomeViewController.swift in Sources */ = {isa = PBXBuildFile; fileRef = DB2448542A349240000C43AE /* HomeViewController.swift */; };
		DB2448572A349C6F000C43AE /* MemoryCardCell.swift in Sources */ = {isa = PBXBuildFile; fileRef = DB2448562A349C6F000C43AE /* MemoryCardCell.swift */; };
/* End PBXBuildFile section */

/* Begin PBXFileReference section */
		0936A3D62A344EC9006A027B /* O_Team.app */ = {isa = PBXFileReference; explicitFileType = wrapper.application; includeInIndex = 0; path = O_Team.app; sourceTree = BUILT_PRODUCTS_DIR; };
		0936A3D92A344EC9006A027B /* AppDelegate.swift */ = {isa = PBXFileReference; lastKnownFileType = sourcecode.swift; path = AppDelegate.swift; sourceTree = "<group>"; };
		0936A3DB2A344EC9006A027B /* SceneDelegate.swift */ = {isa = PBXFileReference; lastKnownFileType = sourcecode.swift; path = SceneDelegate.swift; sourceTree = "<group>"; };
		0936A3DD2A344EC9006A027B /* ViewController.swift */ = {isa = PBXFileReference; lastKnownFileType = sourcecode.swift; path = ViewController.swift; sourceTree = "<group>"; };
		0936A3E22A344ECB006A027B /* Assets.xcassets */ = {isa = PBXFileReference; lastKnownFileType = folder.assetcatalog; path = Assets.xcassets; sourceTree = "<group>"; };
		0936A3E52A344ECB006A027B /* Base */ = {isa = PBXFileReference; lastKnownFileType = file.storyboard; name = Base; path = Base.lproj/LaunchScreen.storyboard; sourceTree = "<group>"; };
		0936A3E72A344ECB006A027B /* Info.plist */ = {isa = PBXFileReference; lastKnownFileType = text.plist.xml; path = Info.plist; sourceTree = "<group>"; };
		0936A3F82A345066006A027B /* TempViewController.swift */ = {isa = PBXFileReference; lastKnownFileType = sourcecode.swift; path = TempViewController.swift; sourceTree = "<group>"; };
		0936A3FA2A345079006A027B /* TempModel.swift */ = {isa = PBXFileReference; lastKnownFileType = sourcecode.swift; path = TempModel.swift; sourceTree = "<group>"; };
		0936A3FC2A345094006A027B /* TempTableViewCell.swift */ = {isa = PBXFileReference; lastKnownFileType = sourcecode.swift; path = TempTableViewCell.swift; sourceTree = "<group>"; };
		0936A40A2A348987006A027B /* MonthCalendarViewController.swift */ = {isa = PBXFileReference; lastKnownFileType = sourcecode.swift; path = MonthCalendarViewController.swift; sourceTree = "<group>"; };
		0936A40C2A34A14C006A027B /* EmotionCollectionViewCell.swift */ = {isa = PBXFileReference; lastKnownFileType = sourcecode.swift; path = EmotionCollectionViewCell.swift; sourceTree = "<group>"; };
		887030AC2A34F34D0086F7E3 /* sample.gif */ = {isa = PBXFileReference; lastKnownFileType = image.gif; name = sample.gif; path = ../../../sample.gif; sourceTree = "<group>"; };
		88ECD9F72A34D32400556142 /* RegistViewController.swift */ = {isa = PBXFileReference; lastKnownFileType = sourcecode.swift; path = RegistViewController.swift; sourceTree = "<group>"; };
		DB24484A2A348FA2000C43AE /* UIFont+.swift */ = {isa = PBXFileReference; lastKnownFileType = sourcecode.swift; path = "UIFont+.swift"; sourceTree = "<group>"; };
		DB24484C2A348FE1000C43AE /* Pretendard-Bold.otf */ = {isa = PBXFileReference; lastKnownFileType = file; path = "Pretendard-Bold.otf"; sourceTree = "<group>"; };
		DB24484D2A348FE1000C43AE /* Pretendard-Regular.otf */ = {isa = PBXFileReference; lastKnownFileType = file; path = "Pretendard-Regular.otf"; sourceTree = "<group>"; };
		DB24484E2A348FE1000C43AE /* Pretendard-Medium.otf */ = {isa = PBXFileReference; lastKnownFileType = file; path = "Pretendard-Medium.otf"; sourceTree = "<group>"; };
		DB2448522A349099000C43AE /* UIColor+.swift */ = {isa = PBXFileReference; lastKnownFileType = sourcecode.swift; path = "UIColor+.swift"; sourceTree = "<group>"; };
		DB2448542A349240000C43AE /* HomeViewController.swift */ = {isa = PBXFileReference; lastKnownFileType = sourcecode.swift; path = HomeViewController.swift; sourceTree = "<group>"; };
		DB2448562A349C6F000C43AE /* MemoryCardCell.swift */ = {isa = PBXFileReference; lastKnownFileType = sourcecode.swift; path = MemoryCardCell.swift; sourceTree = "<group>"; };
/* End PBXFileReference section */

/* Begin PBXFrameworksBuildPhase section */
		0936A3D32A344EC9006A027B /* Frameworks */ = {
			isa = PBXFrameworksBuildPhase;
			buildActionMask = 2147483647;
			files = (
				0936A3EF2A345014006A027B /* Alamofire in Frameworks */,
				0936A4032A34598A006A027B /* FSCalendar in Frameworks */,
				0936A4092A34846E006A027B /* DGCharts in Frameworks */,
				0936A4002A3453EF006A027B /* SnapKit in Frameworks */,
				0936A4062A3471D5006A027B /* Then in Frameworks */,
				887030AB2A34F0B90086F7E3 /* Gifu in Frameworks */,
			);
			runOnlyForDeploymentPostprocessing = 0;
		};
/* End PBXFrameworksBuildPhase section */

/* Begin PBXGroup section */
		0936A3CD2A344EC9006A027B = {
			isa = PBXGroup;
			children = (
				0936A3D82A344EC9006A027B /* O_Team */,
				0936A3D72A344EC9006A027B /* Products */,
			);
			sourceTree = "<group>";
		};
		0936A3D72A344EC9006A027B /* Products */ = {
			isa = PBXGroup;
			children = (
				0936A3D62A344EC9006A027B /* O_Team.app */,
			);
			name = Products;
			sourceTree = "<group>";
		};
		0936A3D82A344EC9006A027B /* O_Team */ = {
			isa = PBXGroup;
			children = (
				DB2448482A348F77000C43AE /* Utils */,
				DB2448472A348F4F000C43AE /* Resource */,
				0936A3F72A34503E006A027B /* Controllers */,
				0936A3F62A345039006A027B /* Views */,
				0936A3F52A345033006A027B /* Models */,
				0936A3D92A344EC9006A027B /* AppDelegate.swift */,
				0936A3DB2A344EC9006A027B /* SceneDelegate.swift */,
				0936A3DD2A344EC9006A027B /* ViewController.swift */,
				0936A3E42A344ECB006A027B /* LaunchScreen.storyboard */,
				0936A3E72A344ECB006A027B /* Info.plist */,
			);
			path = O_Team;
			sourceTree = "<group>";
		};
		0936A3F52A345033006A027B /* Models */ = {
			isa = PBXGroup;
			children = (
				0936A3FA2A345079006A027B /* TempModel.swift */,
			);
			path = Models;
			sourceTree = "<group>";
		};
		0936A3F62A345039006A027B /* Views */ = {
			isa = PBXGroup;
			children = (
				0936A3FC2A345094006A027B /* TempTableViewCell.swift */,
				0936A40C2A34A14C006A027B /* EmotionCollectionViewCell.swift */,
				DB2448562A349C6F000C43AE /* MemoryCardCell.swift */,
			);
			path = Views;
			sourceTree = "<group>";
		};
		0936A3F72A34503E006A027B /* Controllers */ = {
			isa = PBXGroup;
			children = (
				0936A3F82A345066006A027B /* TempViewController.swift */,
				0936A40A2A348987006A027B /* MonthCalendarViewController.swift */,
				DB2448542A349240000C43AE /* HomeViewController.swift */,
				88ECD9F72A34D32400556142 /* RegistViewController.swift */,
			);
			path = Controllers;
			sourceTree = "<group>";
		};
		DB2448472A348F4F000C43AE /* Resource */ = {
			isa = PBXGroup;
			children = (
				887030AC2A34F34D0086F7E3 /* sample.gif */,
				DB24484C2A348FE1000C43AE /* Pretendard-Bold.otf */,
				DB24484E2A348FE1000C43AE /* Pretendard-Medium.otf */,
				DB24484D2A348FE1000C43AE /* Pretendard-Regular.otf */,
				0936A3E22A344ECB006A027B /* Assets.xcassets */,
			);
			path = Resource;
			sourceTree = "<group>";
		};
		DB2448482A348F77000C43AE /* Utils */ = {
			isa = PBXGroup;
			children = (
				DB2448492A348F80000C43AE /* Extensions */,
			);
			path = Utils;
			sourceTree = "<group>";
		};
		DB2448492A348F80000C43AE /* Extensions */ = {
			isa = PBXGroup;
			children = (
				DB24484A2A348FA2000C43AE /* UIFont+.swift */,
				DB2448522A349099000C43AE /* UIColor+.swift */,
			);
			path = Extensions;
			sourceTree = "<group>";
		};
/* End PBXGroup section */

/* Begin PBXNativeTarget section */
		0936A3D52A344EC9006A027B /* O_Team */ = {
			isa = PBXNativeTarget;
			buildConfigurationList = 0936A3EA2A344ECB006A027B /* Build configuration list for PBXNativeTarget "O_Team" */;
			buildPhases = (
				407734A521AC9B47481293C1 /* [CP] Check Pods Manifest.lock */,
				0936A3D22A344EC9006A027B /* Sources */,
				0936A3D32A344EC9006A027B /* Frameworks */,
				0936A3D42A344EC9006A027B /* Resources */,
				3D6F81FB8A669DF78ADD4C16 /* [CP] Embed Pods Frameworks */,
			);
			buildRules = (
			);
			dependencies = (
			);
			name = O_Team;
			packageProductDependencies = (
				0936A3EE2A345014006A027B /* Alamofire */,
				0936A3FF2A3453EF006A027B /* SnapKit */,
				0936A4022A34598A006A027B /* FSCalendar */,
				0936A4052A3471D5006A027B /* Then */,
				0936A4082A34846E006A027B /* DGCharts */,
				887030AA2A34F0B90086F7E3 /* Gifu */,
			);
			productName = O_Team;
			productReference = 0936A3D62A344EC9006A027B /* O_Team.app */;
			productType = "com.apple.product-type.application";
		};
/* End PBXNativeTarget section */

/* Begin PBXProject section */
		0936A3CE2A344EC9006A027B /* Project object */ = {
			isa = PBXProject;
			attributes = {
				BuildIndependentTargetsInParallel = 1;
				LastSwiftUpdateCheck = 1430;
				LastUpgradeCheck = 1430;
				TargetAttributes = {
					0936A3D52A344EC9006A027B = {
						CreatedOnToolsVersion = 14.3;
					};
				};
			};
			buildConfigurationList = 0936A3D12A344EC9006A027B /* Build configuration list for PBXProject "O_Team" */;
			compatibilityVersion = "Xcode 14.0";
			developmentRegion = en;
			hasScannedForEncodings = 0;
			knownRegions = (
				en,
				Base,
			);
			mainGroup = 0936A3CD2A344EC9006A027B;
			packageReferences = (
				0936A3ED2A345014006A027B /* XCRemoteSwiftPackageReference "Alamofire" */,
				0936A3FE2A3453EF006A027B /* XCRemoteSwiftPackageReference "SnapKit" */,
				0936A4012A34598A006A027B /* XCRemoteSwiftPackageReference "FSCalendar" */,
				0936A4042A3471D5006A027B /* XCRemoteSwiftPackageReference "Then" */,
				0936A4072A34846E006A027B /* XCRemoteSwiftPackageReference "Charts" */,
				887030A92A34F0B90086F7E3 /* XCRemoteSwiftPackageReference "Gifu" */,
			);
			productRefGroup = 0936A3D72A344EC9006A027B /* Products */;
			projectDirPath = "";
			projectRoot = "";
			targets = (
				0936A3D52A344EC9006A027B /* O_Team */,
			);
		};
/* End PBXProject section */

/* Begin PBXResourcesBuildPhase section */
		0936A3D42A344EC9006A027B /* Resources */ = {
			isa = PBXResourcesBuildPhase;
			buildActionMask = 2147483647;
			files = (
				0936A3E62A344ECB006A027B /* LaunchScreen.storyboard in Resources */,
				DB2448512A348FE1000C43AE /* Pretendard-Medium.otf in Resources */,
				DB2448502A348FE1000C43AE /* Pretendard-Regular.otf in Resources */,
				DB24484F2A348FE1000C43AE /* Pretendard-Bold.otf in Resources */,
				887030AD2A34F34D0086F7E3 /* sample.gif in Resources */,
				0936A3E32A344ECB006A027B /* Assets.xcassets in Resources */,
			);
			runOnlyForDeploymentPostprocessing = 0;
		};
/* End PBXResourcesBuildPhase section */

/* Begin PBXShellScriptBuildPhase section */
		3D6F81FB8A669DF78ADD4C16 /* [CP] Embed Pods Frameworks */ = {
			isa = PBXShellScriptBuildPhase;
			buildActionMask = 2147483647;
			files = (
			);
			inputFileListPaths = (
				"${PODS_ROOT}/Target Support Files/Pods-O_Team/Pods-O_Team-frameworks-${CONFIGURATION}-input-files.xcfilelist",
			);
			name = "[CP] Embed Pods Frameworks";
			outputFileListPaths = (
				"${PODS_ROOT}/Target Support Files/Pods-O_Team/Pods-O_Team-frameworks-${CONFIGURATION}-output-files.xcfilelist",
			);
			runOnlyForDeploymentPostprocessing = 0;
			shellPath = /bin/sh;
			shellScript = "\"${PODS_ROOT}/Target Support Files/Pods-O_Team/Pods-O_Team-frameworks.sh\"\n";
			showEnvVarsInLog = 0;
		};
		407734A521AC9B47481293C1 /* [CP] Check Pods Manifest.lock */ = {
			isa = PBXShellScriptBuildPhase;
			buildActionMask = 2147483647;
			files = (
			);
			inputFileListPaths = (
			);
			inputPaths = (
				"${PODS_PODFILE_DIR_PATH}/Podfile.lock",
				"${PODS_ROOT}/Manifest.lock",
			);
			name = "[CP] Check Pods Manifest.lock";
			outputFileListPaths = (
			);
			outputPaths = (
				"$(DERIVED_FILE_DIR)/Pods-O_Team-checkManifestLockResult.txt",
			);
			runOnlyForDeploymentPostprocessing = 0;
			shellPath = /bin/sh;
			shellScript = "diff \"${PODS_PODFILE_DIR_PATH}/Podfile.lock\" \"${PODS_ROOT}/Manifest.lock\" > /dev/null\nif [ $? != 0 ] ; then\n    # print error to STDERR\n    echo \"error: The sandbox is not in sync with the Podfile.lock. Run 'pod install' or update your CocoaPods installation.\" >&2\n    exit 1\nfi\n# This output is used by Xcode 'outputs' to avoid re-running this script phase.\necho \"SUCCESS\" > \"${SCRIPT_OUTPUT_FILE_0}\"\n";
			showEnvVarsInLog = 0;
		};
/* End PBXShellScriptBuildPhase section */

/* Begin PBXSourcesBuildPhase section */
		0936A3D22A344EC9006A027B /* Sources */ = {
			isa = PBXSourcesBuildPhase;
			buildActionMask = 2147483647;
			files = (
				DB24484B2A348FA2000C43AE /* UIFont+.swift in Sources */,
				0936A40B2A348987006A027B /* MonthCalendarViewController.swift in Sources */,
				0936A3F92A345066006A027B /* TempViewController.swift in Sources */,
				0936A3FD2A345094006A027B /* TempTableViewCell.swift in Sources */,
				0936A40D2A34A14C006A027B /* EmotionCollectionViewCell.swift in Sources */,
				0936A3FB2A345079006A027B /* TempModel.swift in Sources */,
				DB2448552A349240000C43AE /* HomeViewController.swift in Sources */,
				0936A3DE2A344EC9006A027B /* ViewController.swift in Sources */,
				88ECD9F82A34D32400556142 /* RegistViewController.swift in Sources */,
				DB2448572A349C6F000C43AE /* MemoryCardCell.swift in Sources */,
				0936A3DA2A344EC9006A027B /* AppDelegate.swift in Sources */,
				0936A3DC2A344EC9006A027B /* SceneDelegate.swift in Sources */,
				DB2448532A349099000C43AE /* UIColor+.swift in Sources */,
			);
			runOnlyForDeploymentPostprocessing = 0;
		};
/* End PBXSourcesBuildPhase section */

/* Begin PBXVariantGroup section */
		0936A3E42A344ECB006A027B /* LaunchScreen.storyboard */ = {
			isa = PBXVariantGroup;
			children = (
				0936A3E52A344ECB006A027B /* Base */,
			);
			name = LaunchScreen.storyboard;
			sourceTree = "<group>";
		};
/* End PBXVariantGroup section */

/* Begin XCBuildConfiguration section */
		0936A3E82A344ECB006A027B /* Debug */ = {
			isa = XCBuildConfiguration;
			buildSettings = {
				ALWAYS_SEARCH_USER_PATHS = NO;
				CLANG_ANALYZER_NONNULL = YES;
				CLANG_ANALYZER_NUMBER_OBJECT_CONVERSION = YES_AGGRESSIVE;
				CLANG_CXX_LANGUAGE_STANDARD = "gnu++20";
				CLANG_ENABLE_MODULES = YES;
				CLANG_ENABLE_OBJC_ARC = YES;
				CLANG_ENABLE_OBJC_WEAK = YES;
				CLANG_WARN_BLOCK_CAPTURE_AUTORELEASING = YES;
				CLANG_WARN_BOOL_CONVERSION = YES;
				CLANG_WARN_COMMA = YES;
				CLANG_WARN_CONSTANT_CONVERSION = YES;
				CLANG_WARN_DEPRECATED_OBJC_IMPLEMENTATIONS = YES;
				CLANG_WARN_DIRECT_OBJC_ISA_USAGE = YES_ERROR;
				CLANG_WARN_DOCUMENTATION_COMMENTS = YES;
				CLANG_WARN_EMPTY_BODY = YES;
				CLANG_WARN_ENUM_CONVERSION = YES;
				CLANG_WARN_INFINITE_RECURSION = YES;
				CLANG_WARN_INT_CONVERSION = YES;
				CLANG_WARN_NON_LITERAL_NULL_CONVERSION = YES;
				CLANG_WARN_OBJC_IMPLICIT_RETAIN_SELF = YES;
				CLANG_WARN_OBJC_LITERAL_CONVERSION = YES;
				CLANG_WARN_OBJC_ROOT_CLASS = YES_ERROR;
				CLANG_WARN_QUOTED_INCLUDE_IN_FRAMEWORK_HEADER = YES;
				CLANG_WARN_RANGE_LOOP_ANALYSIS = YES;
				CLANG_WARN_STRICT_PROTOTYPES = YES;
				CLANG_WARN_SUSPICIOUS_MOVE = YES;
				CLANG_WARN_UNGUARDED_AVAILABILITY = YES_AGGRESSIVE;
				CLANG_WARN_UNREACHABLE_CODE = YES;
				CLANG_WARN__DUPLICATE_METHOD_MATCH = YES;
				COPY_PHASE_STRIP = NO;
				DEBUG_INFORMATION_FORMAT = dwarf;
				ENABLE_STRICT_OBJC_MSGSEND = YES;
				ENABLE_TESTABILITY = YES;
				GCC_C_LANGUAGE_STANDARD = gnu11;
				GCC_DYNAMIC_NO_PIC = NO;
				GCC_NO_COMMON_BLOCKS = YES;
				GCC_OPTIMIZATION_LEVEL = 0;
				GCC_PREPROCESSOR_DEFINITIONS = (
					"DEBUG=1",
					"$(inherited)",
				);
				GCC_WARN_64_TO_32_BIT_CONVERSION = YES;
				GCC_WARN_ABOUT_RETURN_TYPE = YES_ERROR;
				GCC_WARN_UNDECLARED_SELECTOR = YES;
				GCC_WARN_UNINITIALIZED_AUTOS = YES_AGGRESSIVE;
				GCC_WARN_UNUSED_FUNCTION = YES;
				GCC_WARN_UNUSED_VARIABLE = YES;
				IPHONEOS_DEPLOYMENT_TARGET = 15.0;
				MTL_ENABLE_DEBUG_INFO = INCLUDE_SOURCE;
				MTL_FAST_MATH = YES;
				ONLY_ACTIVE_ARCH = YES;
				SDKROOT = iphoneos;
				SWIFT_ACTIVE_COMPILATION_CONDITIONS = DEBUG;
				SWIFT_OPTIMIZATION_LEVEL = "-Onone";
			};
			name = Debug;
		};
		0936A3E92A344ECB006A027B /* Release */ = {
			isa = XCBuildConfiguration;
			buildSettings = {
				ALWAYS_SEARCH_USER_PATHS = NO;
				CLANG_ANALYZER_NONNULL = YES;
				CLANG_ANALYZER_NUMBER_OBJECT_CONVERSION = YES_AGGRESSIVE;
				CLANG_CXX_LANGUAGE_STANDARD = "gnu++20";
				CLANG_ENABLE_MODULES = YES;
				CLANG_ENABLE_OBJC_ARC = YES;
				CLANG_ENABLE_OBJC_WEAK = YES;
				CLANG_WARN_BLOCK_CAPTURE_AUTORELEASING = YES;
				CLANG_WARN_BOOL_CONVERSION = YES;
				CLANG_WARN_COMMA = YES;
				CLANG_WARN_CONSTANT_CONVERSION = YES;
				CLANG_WARN_DEPRECATED_OBJC_IMPLEMENTATIONS = YES;
				CLANG_WARN_DIRECT_OBJC_ISA_USAGE = YES_ERROR;
				CLANG_WARN_DOCUMENTATION_COMMENTS = YES;
				CLANG_WARN_EMPTY_BODY = YES;
				CLANG_WARN_ENUM_CONVERSION = YES;
				CLANG_WARN_INFINITE_RECURSION = YES;
				CLANG_WARN_INT_CONVERSION = YES;
				CLANG_WARN_NON_LITERAL_NULL_CONVERSION = YES;
				CLANG_WARN_OBJC_IMPLICIT_RETAIN_SELF = YES;
				CLANG_WARN_OBJC_LITERAL_CONVERSION = YES;
				CLANG_WARN_OBJC_ROOT_CLASS = YES_ERROR;
				CLANG_WARN_QUOTED_INCLUDE_IN_FRAMEWORK_HEADER = YES;
				CLANG_WARN_RANGE_LOOP_ANALYSIS = YES;
				CLANG_WARN_STRICT_PROTOTYPES = YES;
				CLANG_WARN_SUSPICIOUS_MOVE = YES;
				CLANG_WARN_UNGUARDED_AVAILABILITY = YES_AGGRESSIVE;
				CLANG_WARN_UNREACHABLE_CODE = YES;
				CLANG_WARN__DUPLICATE_METHOD_MATCH = YES;
				COPY_PHASE_STRIP = NO;
				DEBUG_INFORMATION_FORMAT = "dwarf-with-dsym";
				ENABLE_NS_ASSERTIONS = NO;
				ENABLE_STRICT_OBJC_MSGSEND = YES;
				GCC_C_LANGUAGE_STANDARD = gnu11;
				GCC_NO_COMMON_BLOCKS = YES;
				GCC_WARN_64_TO_32_BIT_CONVERSION = YES;
				GCC_WARN_ABOUT_RETURN_TYPE = YES_ERROR;
				GCC_WARN_UNDECLARED_SELECTOR = YES;
				GCC_WARN_UNINITIALIZED_AUTOS = YES_AGGRESSIVE;
				GCC_WARN_UNUSED_FUNCTION = YES;
				GCC_WARN_UNUSED_VARIABLE = YES;
				IPHONEOS_DEPLOYMENT_TARGET = 15.0;
				MTL_ENABLE_DEBUG_INFO = NO;
				MTL_FAST_MATH = YES;
				SDKROOT = iphoneos;
				SWIFT_COMPILATION_MODE = wholemodule;
				SWIFT_OPTIMIZATION_LEVEL = "-O";
				VALIDATE_PRODUCT = YES;
			};
			name = Release;
		};
		0936A3EB2A344ECB006A027B /* Debug */ = {
			isa = XCBuildConfiguration;
			buildSettings = {
				ASSETCATALOG_COMPILER_APPICON_NAME = AppIcon;
				ASSETCATALOG_COMPILER_GLOBAL_ACCENT_COLOR_NAME = AccentColor;
				CODE_SIGN_STYLE = Automatic;
				CURRENT_PROJECT_VERSION = 1;
				DEVELOPMENT_TEAM = V2YNV9QV27;
				GENERATE_INFOPLIST_FILE = YES;
				INFOPLIST_FILE = O_Team/Info.plist;
				INFOPLIST_KEY_UIApplicationSupportsIndirectInputEvents = YES;
				INFOPLIST_KEY_UILaunchStoryboardName = LaunchScreen;
				INFOPLIST_KEY_UISupportedInterfaceOrientations_iPad = "UIInterfaceOrientationPortrait UIInterfaceOrientationPortraitUpsideDown UIInterfaceOrientationLandscapeLeft UIInterfaceOrientationLandscapeRight";
				INFOPLIST_KEY_UISupportedInterfaceOrientations_iPhone = "UIInterfaceOrientationPortrait UIInterfaceOrientationLandscapeLeft UIInterfaceOrientationLandscapeRight";
				LD_RUNPATH_SEARCH_PATHS = (
					"$(inherited)",
					"@executable_path/Frameworks",
				);
				MARKETING_VERSION = 1.0;
				PRODUCT_BUNDLE_IDENTIFIER = "jc.O-Team";
				PRODUCT_NAME = "$(TARGET_NAME)";
				SWIFT_EMIT_LOC_STRINGS = YES;
				SWIFT_VERSION = 5.0;
				TARGETED_DEVICE_FAMILY = "1,2";
			};
			name = Debug;
		};
		0936A3EC2A344ECB006A027B /* Release */ = {
			isa = XCBuildConfiguration;
			buildSettings = {
				ASSETCATALOG_COMPILER_APPICON_NAME = AppIcon;
				ASSETCATALOG_COMPILER_GLOBAL_ACCENT_COLOR_NAME = AccentColor;
				CODE_SIGN_STYLE = Automatic;
				CURRENT_PROJECT_VERSION = 1;
				DEVELOPMENT_TEAM = V2YNV9QV27;
				GENERATE_INFOPLIST_FILE = YES;
				INFOPLIST_FILE = O_Team/Info.plist;
				INFOPLIST_KEY_UIApplicationSupportsIndirectInputEvents = YES;
				INFOPLIST_KEY_UILaunchStoryboardName = LaunchScreen;
				INFOPLIST_KEY_UISupportedInterfaceOrientations_iPad = "UIInterfaceOrientationPortrait UIInterfaceOrientationPortraitUpsideDown UIInterfaceOrientationLandscapeLeft UIInterfaceOrientationLandscapeRight";
				INFOPLIST_KEY_UISupportedInterfaceOrientations_iPhone = "UIInterfaceOrientationPortrait UIInterfaceOrientationLandscapeLeft UIInterfaceOrientationLandscapeRight";
				LD_RUNPATH_SEARCH_PATHS = (
					"$(inherited)",
					"@executable_path/Frameworks",
				);
				MARKETING_VERSION = 1.0;
				PRODUCT_BUNDLE_IDENTIFIER = "jc.O-Team";
				PRODUCT_NAME = "$(TARGET_NAME)";
				SWIFT_EMIT_LOC_STRINGS = YES;
				SWIFT_VERSION = 5.0;
				TARGETED_DEVICE_FAMILY = "1,2";
			};
			name = Release;
		};
/* End XCBuildConfiguration section */

/* Begin XCConfigurationList section */
		0936A3D12A344EC9006A027B /* Build configuration list for PBXProject "O_Team" */ = {
			isa = XCConfigurationList;
			buildConfigurations = (
				0936A3E82A344ECB006A027B /* Debug */,
				0936A3E92A344ECB006A027B /* Release */,
			);
			defaultConfigurationIsVisible = 0;
			defaultConfigurationName = Release;
		};
		0936A3EA2A344ECB006A027B /* Build configuration list for PBXNativeTarget "O_Team" */ = {
			isa = XCConfigurationList;
			buildConfigurations = (
				0936A3EB2A344ECB006A027B /* Debug */,
				0936A3EC2A344ECB006A027B /* Release */,
			);
			defaultConfigurationIsVisible = 0;
			defaultConfigurationName = Release;
		};
/* End XCConfigurationList section */

/* Begin XCRemoteSwiftPackageReference section */
		0936A3ED2A345014006A027B /* XCRemoteSwiftPackageReference "Alamofire" */ = {
			isa = XCRemoteSwiftPackageReference;
			repositoryURL = "https://github.com/Alamofire/Alamofire.git";
			requirement = {
				kind = upToNextMajorVersion;
				minimumVersion = 5.0.0;
			};
		};
		0936A3FE2A3453EF006A027B /* XCRemoteSwiftPackageReference "SnapKit" */ = {
			isa = XCRemoteSwiftPackageReference;
			repositoryURL = "https://github.com/SnapKit/SnapKit.git";
			requirement = {
				kind = upToNextMajorVersion;
				minimumVersion = 5.0.0;
			};
		};
		0936A4012A34598A006A027B /* XCRemoteSwiftPackageReference "FSCalendar" */ = {
			isa = XCRemoteSwiftPackageReference;
			repositoryURL = "https://github.com/WenchaoD/FSCalendar.git";
			requirement = {
				kind = upToNextMajorVersion;
				minimumVersion = 2.0.0;
			};
		};
		0936A4042A3471D5006A027B /* XCRemoteSwiftPackageReference "Then" */ = {
			isa = XCRemoteSwiftPackageReference;
			repositoryURL = "https://github.com/devxoul/Then";
			requirement = {
				kind = upToNextMajorVersion;
				minimumVersion = 3.0.0;
			};
		};
		0936A4072A34846E006A027B /* XCRemoteSwiftPackageReference "Charts" */ = {
			isa = XCRemoteSwiftPackageReference;
			repositoryURL = "https://github.com/danielgindi/Charts.git";
			requirement = {
				kind = upToNextMajorVersion;
				minimumVersion = 5.0.0;
			};
		};
		887030A92A34F0B90086F7E3 /* XCRemoteSwiftPackageReference "Gifu" */ = {
			isa = XCRemoteSwiftPackageReference;
			repositoryURL = "https://github.com/kaishin/Gifu";
			requirement = {
				branch = master;
				kind = branch;
			};
		};
/* End XCRemoteSwiftPackageReference section */

/* Begin XCSwiftPackageProductDependency section */
		0936A3EE2A345014006A027B /* Alamofire */ = {
			isa = XCSwiftPackageProductDependency;
			package = 0936A3ED2A345014006A027B /* XCRemoteSwiftPackageReference "Alamofire" */;
			productName = Alamofire;
		};
		0936A3FF2A3453EF006A027B /* SnapKit */ = {
			isa = XCSwiftPackageProductDependency;
			package = 0936A3FE2A3453EF006A027B /* XCRemoteSwiftPackageReference "SnapKit" */;
			productName = SnapKit;
		};
		0936A4022A34598A006A027B /* FSCalendar */ = {
			isa = XCSwiftPackageProductDependency;
			package = 0936A4012A34598A006A027B /* XCRemoteSwiftPackageReference "FSCalendar" */;
			productName = FSCalendar;
		};
		0936A4052A3471D5006A027B /* Then */ = {
			isa = XCSwiftPackageProductDependency;
			package = 0936A4042A3471D5006A027B /* XCRemoteSwiftPackageReference "Then" */;
			productName = Then;
		};
		0936A4082A34846E006A027B /* DGCharts */ = {
			isa = XCSwiftPackageProductDependency;
			package = 0936A4072A34846E006A027B /* XCRemoteSwiftPackageReference "Charts" */;
			productName = DGCharts;
		};
		887030AA2A34F0B90086F7E3 /* Gifu */ = {
			isa = XCSwiftPackageProductDependency;
			package = 887030A92A34F0B90086F7E3 /* XCRemoteSwiftPackageReference "Gifu" */;
			productName = Gifu;
		};
/* End XCSwiftPackageProductDependency section */
	};
	rootObject = 0936A3CE2A344EC9006A027B /* Project object */;
}
